
Microsoft Visual Studio Solution File, Format Version 12.00
# Visual Studio Version 16
VisualStudioVersion = 16.0.31105.61
MinimumVisualStudioVersion = 10.0.40219.1
Project("{9A19103F-16F7-4668-BE54-9A1E7A4F7556}") = "Spotify.Web", "Spotify.Web\Spotify.Web.csproj", "{EE4B7A30-92B0-48BE-B66F-0C20A224637E}"
EndProject
Project("{9A19103F-16F7-4668-BE54-9A1E7A4F7556}") = "Spotify.Library", "Spotify.Library\Spotify.Library.csproj", "{1B26A58F-A012-4E2F-812E-6156A00CCF63}"
EndProject
Project("{FAE04EC0-301F-11D3-BF4B-00C04F79EFBC}") = "Spotify.Web2", "Spotify.Web2\Spotify.Web2.csproj", "{3C2E1D11-B44C-4740-8126-B983B0F2781E}"
EndProject
Global
	GlobalSection(SolutionConfigurationPlatforms) = preSolution
		Debug|Any CPU = Debug|Any CPU
		Release|Any CPU = Release|Any CPU
	EndGlobalSection
	GlobalSection(ProjectConfigurationPlatforms) = postSolution
		{EE4B7A30-92B0-48BE-B66F-0C20A224637E}.Debug|Any CPU.ActiveCfg = Debug|Any CPU
		{EE4B7A30-92B0-48BE-B66F-0C20A224637E}.Debug|Any CPU.Build.0 = Debug|Any CPU
		{EE4B7A30-92B0-48BE-B66F-0C20A224637E}.Release|Any CPU.ActiveCfg = Release|Any CPU
		{EE4B7A30-92B0-48BE-B66F-0C20A224637E}.Release|Any CPU.Build.0 = Release|Any CPU
		{1B26A58F-A012-4E2F-812E-6156A00CCF63}.Debug|Any CPU.ActiveCfg = Debug|Any CPU
		{1B26A58F-A012-4E2F-812E-6156A00CCF63}.Debug|Any CPU.Build.0 = Debug|Any CPU
		{1B26A58F-A012-4E2F-812E-6156A00CCF63}.Release|Any CPU.ActiveCfg = Release|Any CPU
		{1B26A58F-A012-4E2F-812E-6156A00CCF63}.Release|Any CPU.Build.0 = Release|Any CPU
		{3C2E1D11-B44C-4740-8126-B983B0F2781E}.Debug|Any CPU.ActiveCfg = Debug|Any CPU
		{3C2E1D11-B44C-4740-8126-B983B0F2781E}.Debug|Any CPU.Build.0 = Debug|Any CPU
		{3C2E1D11-B44C-4740-8126-B983B0F2781E}.Release|Any CPU.ActiveCfg = Release|Any CPU
		{3C2E1D11-B44C-4740-8126-B983B0F2781E}.Release|Any CPU.Build.0 = Release|Any CPU
	EndGlobalSection
	GlobalSection(SolutionProperties) = preSolution
		HideSolutionNode = FALSE
	EndGlobalSection
	GlobalSection(ExtensibilityGlobals) = postSolution
		SolutionGuid = {C0530960-B28B-447C-8C04-974214728EEB}
	EndGlobalSection
EndGlobal
